<?xml version="1.0" encoding="utf-8"?>
<Project ToolsVersion="4.0" xmlns="http://schemas.microsoft.com/developer/msbuild/2003">
  <ItemGroup>
    <Filter Include="Source Files">
      <UniqueIdentifier>{4FC737F1-C7A5-4376-A066-2A32D752A2FF}</UniqueIdentifier>
      <Extensions>cpp;c;cc;cxx;def;odl;idl;hpj;bat;asm;asmx</Extensions>
    </Filter>
    <Filter Include="Header Files">
      <UniqueIdentifier>{93995380-89BD-4b04-88EB-625FBE52EBFB}</UniqueIdentifier>
      <Extensions>h;hh;hpp;hxx;hm;inl;inc;xsd</Extensions>
    </Filter>
    <Filter Include="Resource Files">
      <UniqueIdentifier>{67DA6AB6-F800-4c08-8B7A-83BB121AAD01}</UniqueIdentifier>
      <Extensions>rc;ico;cur;bmp;dlg;rc2;rct;bin;rgs;gif;jpg;jpeg;jpe;resx;tiff;tif;png;wav;mfcribbon-ms</Extensions>
    </Filter>
  </ItemGroup>
  <ItemGroup>
    <ClCompile Include="src\main.cpp">
      <Filter>Source Files</Filter>
    </ClCompile>
    <ClCompile Include="src\opcua\opcua_client.cpp">
      <Filter>Source Files</Filter>
    </ClCompile>
    <ClCompile Include="src\opcua\opcua_subscription.cpp">
      <Filter>Source Files</Filter>
    </ClCompile>
    <ClCompile Include="src\http\http_client.cpp">
      <Filter>Source Files</Filter>
    </ClCompile>
  </ItemGroup>
  <ItemGroup>
    <ClInclude Include="src\macros.h">
      <Filter>Header Files</Filter>
    </ClInclude>
    <ClInclude Include="src\3rdparty\json.hpp">
      <Filter>Header Files</Filter>
    </ClInclude>
    <ClInclude Include="inc\open62541.h">
      <Filter>Header Files</Filter>
    </ClInclude>
    <ClInclude Include="src\util\strutils.h">
      <Filter>Header Files</Filter>
    </ClInclude>
    <ClInclude Include="src\opcua\opcua_client.h">
      <Filter>Header Files</Filter>
    </ClInclude>
    <ClInclude Include="src\opcua\opcua_subscription.h">
      <Filter>Header Files</Filter>
    </ClInclude>
    <ClInclude Include="src\http\http_client.h">
      <Filter>Header Files</Filter>
    </ClInclude>
    <ClInclude Include="inc\cookie.h">
      <Filter>Header Files</Filter>
    </ClInclude>
    <ClInclude Include="inc\curl\curl.h">
      <Filter>Header Files</Filter>
    </ClInclude>
    <ClInclude Include="inc\curl\curlbuild.h">
      <Filter>Header Files</Filter>
    </ClInclude>
    <ClInclude Include="inc\curl\curlrules.h">
      <Filter>Header Files</Filter>
    </ClInclude>
    <ClInclude Include="inc\curl\curlver.h">
      <Filter>Header Files</Filter>
    </ClInclude>
    <ClInclude Include="inc\curl\easy.h">
      <Filter>Header Files</Filter>
    </ClInclude>
    <ClInclude Include="inc\curl\mprintf.h">
      <Filter>Header Files</Filter>
    </ClInclude>
    <ClInclude Include="inc\curl\multi.h">
      <Filter>Header Files</Filter>
    </ClInclude>
    <ClInclude Include="inc\curl\stdcheaders.h">
      <Filter>Header Files</Filter>
    </ClInclude>
    <ClInclude Include="inc\curl\typecheck-gcc.h">
      <Filter>Header Files</Filter>
    </ClInclude>
    <ClInclude Include="inc\cookie_date.h">
      <Filter>Header Files</Filter>
    </ClInclude>
    <ClInclude Include="inc\cookie_datetime.h">
      <Filter>Header Files</Filter>
    </ClInclude>
    <ClInclude Include="inc\curl_config.h">
      <Filter>Header Files</Filter>
    </ClInclude>
    <ClInclude Include="inc\cookie_time.h">
      <Filter>Header Files</Filter>
    </ClInclude>
    <ClInclude Include="inc\curl_cookie.h">
      <Filter>Header Files</Filter>
    </ClInclude>
    <ClInclude Include="inc\curl_easy_info.h">
      <Filter>Header Files</Filter>
    </ClInclude>
    <ClInclude Include="inc\curl_easy.h">
      <Filter>Header Files</Filter>
    </ClInclude>
    <ClInclude Include="inc\curl_exception.h">
      <Filter>Header Files</Filter>
    </ClInclude>
    <ClInclude Include="inc\curl_form.h">
      <Filter>Header Files</Filter>
    </ClInclude>
    <ClInclude Include="inc\curl_global.h">
      <Filter>Header Files</Filter>
    </ClInclude>
    <ClInclude Include="inc\curl_header.h">
      <Filter>Header Files</Filter>
    </ClInclude>
    <ClInclude Include="inc\curl_info.h">
      <Filter>Header Files</Filter>
    </ClInclude>
    <ClInclude Include="inc\curl_interface.h">
      <Filter>Header Files</Filter>
    </ClInclude>
    <ClInclude Include="inc\curl_ios.h">
      <Filter>Header Files</Filter>
    </ClInclude>
    <ClInclude Include="inc\curl_multi.h">
      <Filter>Header Files</Filter>
    </ClInclude>
    <ClInclude Include="inc\curl_option.h">
      <Filter>Header Files</Filter>
    </ClInclude>
    <ClInclude Include="inc\curl_pair.h">
      <Filter>Header Files</Filter>
    </ClInclude>
    <ClInclude Include="inc\curl_receiver.h">
      <Filter>Header Files</Filter>
    </ClInclude>
    <ClInclude Include="inc\curl_sender.h">
      <Filter>Header Files</Filter>
    </ClInclude>
    <ClInclude Include="inc\curl_utility.h">
      <Filter>Header Files</Filter>
    </ClInclude>
    <ClInclude Include="inc\curl_share.h">
      <Filter>Header Files</Filter>
    </ClInclude>
  </ItemGroup>
  <ItemGroup>
    <None Include="res\settings.json" />
  </ItemGroup>
  <ItemGroup>
    <Library Include="lib\open62541.lib" />
    <Library Include="lib\curlcpp.lib" />
    <Library Include="lib\libcurl_imp.lib" />
  </ItemGroup>
</Project>